
Microsoft Visual Studio Solution File, Format Version 11.00
# Visual Studio 2010
Project("{FAE04EC0-301F-11D3-BF4B-00C04F79EFBC}") = "MyFirstMSTestProject", "MyFirstMSTestProject\MyFirstMSTestProject.csproj", "{B1A1FF88-593D-4360-AFCB-C96DE84754C1}"
EndProject
Project("{FAE04EC0-301F-11D3-BF4B-00C04F79EFBC}") = "MyFirstMSTestProjectTest", "MyFirstMSTestProjectTest\MyFirstMSTestProjectTest.csproj", "{73586842-DAFF-4ACB-8DB8-B129C4BD0DDE}"
EndProject
Project("{2150E333-8FDC-42A3-9474-1A3956D46DE8}") = "Solution Items", "Solution Items", "{3C019C08-199C-4C3C-8D04-58C909911E63}"
	ProjectSection(SolutionItems) = preProject
		Local.testsettings = Local.testsettings
		MyFirstMSTestProject.vsmdi = MyFirstMSTestProject.vsmdi
		TraceAndTestImpact.testsettings = TraceAndTestImpact.testsettings
	EndProjectSection
EndProject
Global
	GlobalSection(TestCaseManagementSettings) = postSolution
		CategoryFile = MyFirstMSTestProject.vsmdi
	EndGlobalSection
	GlobalSection(SolutionConfigurationPlatforms) = preSolution
		Debug|Any CPU = Debug|Any CPU
		Debug|Mixed Platforms = Debug|Mixed Platforms
		Debug|x86 = Debug|x86
		Release|Any CPU = Release|Any CPU
		Release|Mixed Platforms = Release|Mixed Platforms
		Release|x86 = Release|x86
	EndGlobalSection
	GlobalSection(ProjectConfigurationPlatforms) = postSolution
		{B1A1FF88-593D-4360-AFCB-C96DE84754C1}.Debug|Any CPU.ActiveCfg = Debug|x86
		{B1A1FF88-593D-4360-AFCB-C96DE84754C1}.Debug|Mixed Platforms.ActiveCfg = Debug|x86
		{B1A1FF88-593D-4360-AFCB-C96DE84754C1}.Debug|Mixed Platforms.Build.0 = Debug|x86
		{B1A1FF88-593D-4360-AFCB-C96DE84754C1}.Debug|x86.ActiveCfg = Debug|x86
		{B1A1FF88-593D-4360-AFCB-C96DE84754C1}.Debug|x86.Build.0 = Debug|x86
		{B1A1FF88-593D-4360-AFCB-C96DE84754C1}.Release|Any CPU.ActiveCfg = Release|x86
		{B1A1FF88-593D-4360-AFCB-C96DE84754C1}.Release|Mixed Platforms.ActiveCfg = Release|x86
		{B1A1FF88-593D-4360-AFCB-C96DE84754C1}.Release|Mixed Platforms.Build.0 = Release|x86
		{B1A1FF88-593D-4360-AFCB-C96DE84754C1}.Release|x86.ActiveCfg = Release|x86
		{B1A1FF88-593D-4360-AFCB-C96DE84754C1}.Release|x86.Build.0 = Release|x86
		{73586842-DAFF-4ACB-8DB8-B129C4BD0DDE}.Debug|Any CPU.ActiveCfg = Debug|Any CPU
		{73586842-DAFF-4ACB-8DB8-B129C4BD0DDE}.Debug|Any CPU.Build.0 = Debug|Any CPU
		{73586842-DAFF-4ACB-8DB8-B129C4BD0DDE}.Debug|Mixed Platforms.ActiveCfg = Debug|Any CPU
		{73586842-DAFF-4ACB-8DB8-B129C4BD0DDE}.Debug|Mixed Platforms.Build.0 = Debug|Any CPU
		{73586842-DAFF-4ACB-8DB8-B129C4BD0DDE}.Debug|x86.ActiveCfg = Debug|Any CPU
		{73586842-DAFF-4ACB-8DB8-B129C4BD0DDE}.Release|Any CPU.ActiveCfg = Release|Any CPU
		{73586842-DAFF-4ACB-8DB8-B129C4BD0DDE}.Release|Any CPU.Build.0 = Release|Any CPU
		{73586842-DAFF-4ACB-8DB8-B129C4BD0DDE}.Release|Mixed Platforms.ActiveCfg = Release|Any CPU
		{73586842-DAFF-4ACB-8DB8-B129C4BD0DDE}.Release|Mixed Platforms.Build.0 = Release|Any CPU
		{73586842-DAFF-4ACB-8DB8-B129C4BD0DDE}.Release|x86.ActiveCfg = Release|Any CPU
	EndGlobalSection
	GlobalSection(SolutionProperties) = preSolution
		HideSolutionNode = FALSE
	EndGlobalSection
EndGlobal
